
Microsoft Visual Studio Solution File, Format Version 12.00
# Visual Studio Version 16
VisualStudioVersion = 16.0.31129.286
MinimumVisualStudioVersion = 10.0.40219.1
Project("{00D1A9C2-B5F0-4AF3-8072-F6C62B433612}") = "DemoDB", "DemoDB\DemoDB.sqlproj", "{83D854C7-4336-4696-BC75-2D2ACC9AC018}"
EndProject
Global
	GlobalSection(SolutionConfigurationPlatforms) = preSolution
		Debug|Any CPU = Debug|Any CPU
		Release|Any CPU = Release|Any CPU
	EndGlobalSection
	GlobalSection(ProjectConfigurationPlatforms) = postSolution
		{83D854C7-4336-4696-BC75-2D2ACC9AC018}.Debug|Any CPU.ActiveCfg = Debug|Any CPU
		{83D854C7-4336-4696-BC75-2D2ACC9AC018}.Debug|Any CPU.Build.0 = Debug|Any CPU
		{83D854C7-4336-4696-BC75-2D2ACC9AC018}.Debug|Any CPU.Deploy.0 = Debug|Any CPU
		{83D854C7-4336-4696-BC75-2D2ACC9AC018}.Release|Any CPU.ActiveCfg = Release|Any CPU
		{83D854C7-4336-4696-BC75-2D2ACC9AC018}.Release|Any CPU.Build.0 = Release|Any CPU
		{83D854C7-4336-4696-BC75-2D2ACC9AC018}.Release|Any CPU.Deploy.0 = Release|Any CPU
	EndGlobalSection
	GlobalSection(SolutionProperties) = preSolution
		HideSolutionNode = FALSE
	EndGlobalSection
	GlobalSection(ExtensibilityGlobals) = postSolution
		SolutionGuid = {541C60CA-25D1-43A9-B0BA-901A34F30A68}
	EndGlobalSection
EndGlobal
